
Microsoft Visual Studio Solution File, Format Version 12.00
# Visual Studio Version 17
VisualStudioVersion = 17.9.34723.18
MinimumVisualStudioVersion = 10.0.40219.1
Project("{FAE04EC0-301F-11D3-BF4B-00C04F79EFBC}") = "TAB_Stacja", "TAB_Stacja\TAB_Stacja.csproj", "{1A32708F-27B0-4E2D-87AA-8565186A4AFE}"
EndProject
Project("{54435603-DBB4-11D2-8724-00A0C9A8B90C}") = "Stacja", "Stacja\Stacja.vdproj", "{A50E594B-AD4B-408C-9C55-75F8151001FF}"
EndProject
Global
	GlobalSection(SolutionConfigurationPlatforms) = preSolution
		Debug|Any CPU = Debug|Any CPU
		Release|Any CPU = Release|Any CPU
	EndGlobalSection
	GlobalSection(ProjectConfigurationPlatforms) = postSolution
		{1A32708F-27B0-4E2D-87AA-8565186A4AFE}.Debug|Any CPU.ActiveCfg = Debug|Any CPU
		{1A32708F-27B0-4E2D-87AA-8565186A4AFE}.Debug|Any CPU.Build.0 = Debug|Any CPU
		{1A32708F-27B0-4E2D-87AA-8565186A4AFE}.Release|Any CPU.ActiveCfg = Release|Any CPU
		{1A32708F-27B0-4E2D-87AA-8565186A4AFE}.Release|Any CPU.Build.0 = Release|Any CPU
		{A50E594B-AD4B-408C-9C55-75F8151001FF}.Debug|Any CPU.ActiveCfg = Debug
		{A50E594B-AD4B-408C-9C55-75F8151001FF}.Release|Any CPU.ActiveCfg = Release
	EndGlobalSection
	GlobalSection(SolutionProperties) = preSolution
		HideSolutionNode = FALSE
	EndGlobalSection
	GlobalSection(ExtensibilityGlobals) = postSolution
		SolutionGuid = {4ADC88D0-039C-4958-ABF4-43C7317C48C4}
	EndGlobalSection
EndGlobal
